<Solution>
  <Configurations>
    <Platform Name="Any CPU" />
    <Platform Name="x64" />
    <Platform Name="x86" />
  </Configurations>
  <Folder Name="/src/">
    <Project Path="src/XCommander/XCommander.csproj" />
  </Folder>
  <Folder Name="/tests/">
    <Project Path="tests/XCommander.Tests/XCommander.Tests.csproj" />
  </Folder>
</Solution>
